{
  "name": "testcafe_pom",
  "version": "1.0.0",
  "lockfileVersion": 1,
  "requires": true,
  "dependencies": {
    "dotenv": {
      "version": "8.2.0",
      "resolved": "https://registry.npmjs.org/dotenv/-/dotenv-8.2.0.tgz",
      "integrity": "sha512-8sJ78ElpbDJBHNeBzUbUVLsqKdccaa/BXF1uPTw3GrvQTBgrQrtObr2mUrE38vzYd8cEv+m/JBfDLioYcfXoaw=="
    },
    "testcafe-reporter-json": {
      "version": "2.2.0",
      "resolved": "https://registry.npmjs.org/testcafe-reporter-json/-/testcafe-reporter-json-2.2.0.tgz",
      "integrity": "sha512-wfpNaZgGP2WoqdmnIXOyxcpwSzdH1HvzXSN397lJkXOrQrwhuGUThPDvyzPnZqxZSzXdDUvIPJm55tCMWbfymQ=="
    },
    "testcafe-reporter-spec": {
      "version": "2.1.1",
      "resolved": "https://registry.npmjs.org/testcafe-reporter-spec/-/testcafe-reporter-spec-2.1.1.tgz",
      "integrity": "sha1-gVb87Q9RMkhlWa1WC8gGdkaSdew="
    }
  }
}
